{
  "name": "@scintilla-network/litest",
  "version": "1.3.1",
  "lockfileVersion": 3,
  "requires": true,
  "packages": {
    "": {
      "name": "@scintilla-network/litest",
      "version": "1.3.1",
      "cpu": [
        "x64",
        "arm64",
        "arm",
        "ia32"
      ],
      "license": "MIT",
      "os": [
        "darwin",
        "linux",
        "win32"
      ],
      "bin": {
        "litest": "src/runner.js"
      },
      "engines": {
        "node": ">=14.0.0"
      },
      "funding": {
        "type": "github",
        "url": "https://github.com/sponsors/Scintilla-Network"
      }
    }
  }
}
